
Microsoft Visual Studio Solution File, Format Version 12.00
# Visual Studio Version 17
VisualStudioVersion = 17.13.35818.85 d17.13
MinimumVisualStudioVersion = 10.0.40219.1
Project("{FAE04EC0-301F-11D3-BF4B-00C04F79EFBC}") = "Task1", "Task1\Task1.csproj", "{443CA247-80BF-4882-97DF-7ACB5493BEA1}"
EndProject
Project("{FAE04EC0-301F-11D3-BF4B-00C04F79EFBC}") = "Task2", "Task 2\Task2\Task2.csproj", "{93183DA4-A954-4957-9043-AC355DD5FE34}"
EndProject
Project("{FAE04EC0-301F-11D3-BF4B-00C04F79EFBC}") = "Task3", "Task3\Task3\Task3.csproj", "{6F1E7E02-4241-412C-9C4A-DFD808CD2E45}"
EndProject
Global
	GlobalSection(SolutionConfigurationPlatforms) = preSolution
		Debug|Any CPU = Debug|Any CPU
		Release|Any CPU = Release|Any CPU
	EndGlobalSection
	GlobalSection(ProjectConfigurationPlatforms) = postSolution
		{443CA247-80BF-4882-97DF-7ACB5493BEA1}.Debug|Any CPU.ActiveCfg = Debug|Any CPU
		{443CA247-80BF-4882-97DF-7ACB5493BEA1}.Debug|Any CPU.Build.0 = Debug|Any CPU
		{443CA247-80BF-4882-97DF-7ACB5493BEA1}.Release|Any CPU.ActiveCfg = Release|Any CPU
		{443CA247-80BF-4882-97DF-7ACB5493BEA1}.Release|Any CPU.Build.0 = Release|Any CPU
		{93183DA4-A954-4957-9043-AC355DD5FE34}.Debug|Any CPU.ActiveCfg = Debug|Any CPU
		{93183DA4-A954-4957-9043-AC355DD5FE34}.Debug|Any CPU.Build.0 = Debug|Any CPU
		{93183DA4-A954-4957-9043-AC355DD5FE34}.Release|Any CPU.ActiveCfg = Release|Any CPU
		{93183DA4-A954-4957-9043-AC355DD5FE34}.Release|Any CPU.Build.0 = Release|Any CPU
		{6F1E7E02-4241-412C-9C4A-DFD808CD2E45}.Debug|Any CPU.ActiveCfg = Debug|Any CPU
		{6F1E7E02-4241-412C-9C4A-DFD808CD2E45}.Debug|Any CPU.Build.0 = Debug|Any CPU
		{6F1E7E02-4241-412C-9C4A-DFD808CD2E45}.Release|Any CPU.ActiveCfg = Release|Any CPU
		{6F1E7E02-4241-412C-9C4A-DFD808CD2E45}.Release|Any CPU.Build.0 = Release|Any CPU
	EndGlobalSection
	GlobalSection(SolutionProperties) = preSolution
		HideSolutionNode = FALSE
	EndGlobalSection
	GlobalSection(ExtensibilityGlobals) = postSolution
		SolutionGuid = {4E512A1B-E9B6-4343-B8B1-37B3C5461A8D}
	EndGlobalSection
EndGlobal
